
Microsoft Visual Studio Solution File, Format Version 12.00
# Visual Studio Version 17
VisualStudioVersion = 17.0.32112.339
MinimumVisualStudioVersion = 10.0.40219.1
Project("{FAE04EC0-301F-11D3-BF4B-00C04F79EFBC}") = "JWT_ConsoleApp", "JWT_ConsoleApp.csproj", "{E3AB577E-1725-45BA-81B1-C72C7AD9519A}"
EndProject
Global
	GlobalSection(SolutionConfigurationPlatforms) = preSolution
		Debug|Any CPU = Debug|Any CPU
		Release|Any CPU = Release|Any CPU
	EndGlobalSection
	GlobalSection(ProjectConfigurationPlatforms) = postSolution
		{E3AB577E-1725-45BA-81B1-C72C7AD9519A}.Debug|Any CPU.ActiveCfg = Debug|Any CPU
		{E3AB577E-1725-45BA-81B1-C72C7AD9519A}.Debug|Any CPU.Build.0 = Debug|Any CPU
		{E3AB577E-1725-45BA-81B1-C72C7AD9519A}.Release|Any CPU.ActiveCfg = Release|Any CPU
		{E3AB577E-1725-45BA-81B1-C72C7AD9519A}.Release|Any CPU.Build.0 = Release|Any CPU
	EndGlobalSection
	GlobalSection(SolutionProperties) = preSolution
		HideSolutionNode = FALSE
	EndGlobalSection
	GlobalSection(ExtensibilityGlobals) = postSolution
		SolutionGuid = {A628D46D-600C-49F2-8B15-6998B552997F}
	EndGlobalSection
EndGlobal
